{
  "name": "Project-Wavelength",
  "lockfileVersion": 3,
  "requires": true,
  "packages": {
    "": {
      "dependencies": {
        "@foobar404/wave": "^2.0.5"
      }
    },
    "node_modules/@foobar404/wave": {
      "version": "2.0.5",
      "resolved": "https://registry.npmjs.org/@foobar404/wave/-/wave-2.0.5.tgz",
      "integrity": "sha512-V/ydadtv5ObCw8aEg+Qy3YSq1eyinEWzJfRI43Ovmj7VmAvEdWAdL7MatoMbiIVYPATkNDVF7GOxX1xirxM9dA=="
    }
  }
}
